
Microsoft Visual Studio Solution File, Format Version 12.00
# Visual Studio 15
VisualStudioVersion = 15.0.28010.2036
MinimumVisualStudioVersion = 10.0.40219.1
Project("{9A19103F-16F7-4668-BE54-9A1E7A4F7556}") = "SlackBugz.Api", "SlackBugz.Api\SlackBugz.Api.csproj", "{AC019EF7-F261-4525-9A35-FF3C6B3906CC}"
EndProject
Project("{9A19103F-16F7-4668-BE54-9A1E7A4F7556}") = "SlackBugz.Api.Tests", "SlackBugz.Api.Tests\SlackBugz.Api.Tests.csproj", "{17D63CEA-D152-4EE8-AFD6-12BA9F5FD182}"
EndProject
Global
	GlobalSection(SolutionConfigurationPlatforms) = preSolution
		Debug|Any CPU = Debug|Any CPU
		Debug|x64 = Debug|x64
		Release|Any CPU = Release|Any CPU
		Release|x64 = Release|x64
	EndGlobalSection
	GlobalSection(ProjectConfigurationPlatforms) = postSolution
		{AC019EF7-F261-4525-9A35-FF3C6B3906CC}.Debug|Any CPU.ActiveCfg = Debug|Any CPU
		{AC019EF7-F261-4525-9A35-FF3C6B3906CC}.Debug|Any CPU.Build.0 = Debug|Any CPU
		{AC019EF7-F261-4525-9A35-FF3C6B3906CC}.Debug|x64.ActiveCfg = Debug|Any CPU
		{AC019EF7-F261-4525-9A35-FF3C6B3906CC}.Debug|x64.Build.0 = Debug|Any CPU
		{AC019EF7-F261-4525-9A35-FF3C6B3906CC}.Release|Any CPU.ActiveCfg = Release|Any CPU
		{AC019EF7-F261-4525-9A35-FF3C6B3906CC}.Release|Any CPU.Build.0 = Release|Any CPU
		{AC019EF7-F261-4525-9A35-FF3C6B3906CC}.Release|x64.ActiveCfg = Release|Any CPU
		{AC019EF7-F261-4525-9A35-FF3C6B3906CC}.Release|x64.Build.0 = Release|Any CPU
		{17D63CEA-D152-4EE8-AFD6-12BA9F5FD182}.Debug|Any CPU.ActiveCfg = Debug|Any CPU
		{17D63CEA-D152-4EE8-AFD6-12BA9F5FD182}.Debug|Any CPU.Build.0 = Debug|Any CPU
		{17D63CEA-D152-4EE8-AFD6-12BA9F5FD182}.Debug|x64.ActiveCfg = Debug|Any CPU
		{17D63CEA-D152-4EE8-AFD6-12BA9F5FD182}.Debug|x64.Build.0 = Debug|Any CPU
		{17D63CEA-D152-4EE8-AFD6-12BA9F5FD182}.Release|Any CPU.ActiveCfg = Release|Any CPU
		{17D63CEA-D152-4EE8-AFD6-12BA9F5FD182}.Release|Any CPU.Build.0 = Release|Any CPU
		{17D63CEA-D152-4EE8-AFD6-12BA9F5FD182}.Release|x64.ActiveCfg = Release|Any CPU
		{17D63CEA-D152-4EE8-AFD6-12BA9F5FD182}.Release|x64.Build.0 = Release|Any CPU
	EndGlobalSection
	GlobalSection(SolutionProperties) = preSolution
		HideSolutionNode = FALSE
	EndGlobalSection
	GlobalSection(ExtensibilityGlobals) = postSolution
		SolutionGuid = {A2BB3522-F6E8-4FA5-AD8E-B4A4DEF90D53}
	EndGlobalSection
EndGlobal
